// !$*UTF8*$!
{
	archiveVersion = 1;
	classes = {
	};
	objectVersion = 55;
	objects = {

/* Begin PBXBuildFile section */
		0E8CCDB193B69829A6C68F4E /* Pods_Flixter.framework in Frameworks */ = {isa = PBXBuildFile; fileRef = BF48C4AA0E28070FCF372979 /* Pods_Flixter.framework */; };
		1DE67997826B389FD27E3D54 /* Pods_FlixterTests.framework in Frameworks */ = {isa = PBXBuildFile; fileRef = AE6073F3019680435637360A /* Pods_FlixterTests.framework */; };
		696D0626285CF2300053C115 /* MovieCell.m in Sources */ = {isa = PBXBuildFile; fileRef = 696D0625285CF2300053C115 /* MovieCell.m */; };
		696D0629285D258C0053C115 /* DetailsViewController.m in Sources */ = {isa = PBXBuildFile; fileRef = 696D0628285D258C0053C115 /* DetailsViewController.m */; };
		696D062D285E9AF40053C115 /* TabBarController.m in Sources */ = {isa = PBXBuildFile; fileRef = 696D062C285E9AF40053C115 /* TabBarController.m */; };
		696D0630285E9C240053C115 /* GridViewController.m in Sources */ = {isa = PBXBuildFile; fileRef = 696D062F285E9C240053C115 /* GridViewController.m */; };
		696D0633285E9DE80053C115 /* CollectionViewGridCell.m in Sources */ = {isa = PBXBuildFile; fileRef = 696D0632285E9DE80053C115 /* CollectionViewGridCell.m */; };
		697D3FBF285A4E9A0055988F /* AppDelegate.m in Sources */ = {isa = PBXBuildFile; fileRef = 697D3FBE285A4E9A0055988F /* AppDelegate.m */; };
		697D3FC2285A4E9A0055988F /* SceneDelegate.m in Sources */ = {isa = PBXBuildFile; fileRef = 697D3FC1285A4E9A0055988F /* SceneDelegate.m */; };
		697D3FC8285A4E9A0055988F /* Main.storyboard in Resources */ = {isa = PBXBuildFile; fileRef = 697D3FC6285A4E9A0055988F /* Main.storyboard */; };
		697D3FCA285A4E9B0055988F /* Assets.xcassets in Resources */ = {isa = PBXBuildFile; fileRef = 697D3FC9285A4E9B0055988F /* Assets.xcassets */; };
		697D3FCD285A4E9B0055988F /* LaunchScreen.storyboard in Resources */ = {isa = PBXBuildFile; fileRef = 697D3FCB285A4E9B0055988F /* LaunchScreen.storyboard */; };
		697D3FD0285A4E9B0055988F /* main.m in Sources */ = {isa = PBXBuildFile; fileRef = 697D3FCF285A4E9B0055988F /* main.m */; };
		697D3FDA285A4E9B0055988F /* FlixterTests.m in Sources */ = {isa = PBXBuildFile; fileRef = 697D3FD9285A4E9B0055988F /* FlixterTests.m */; };
		697D3FE4285A4E9B0055988F /* FlixterUITests.m in Sources */ = {isa = PBXBuildFile; fileRef = 697D3FE3285A4E9B0055988F /* FlixterUITests.m */; };
		697D3FE6285A4E9B0055988F /* FlixterUITestsLaunchTests.m in Sources */ = {isa = PBXBuildFile; fileRef = 697D3FE5285A4E9B0055988F /* FlixterUITestsLaunchTests.m */; };
		697D3FF4285A87F10055988F /* ViewController.m in Sources */ = {isa = PBXBuildFile; fileRef = 697D3FF3285A87F10055988F /* ViewController.m */; };
		69A9AC3D2863841D00D9E998 /* Movie.m in Sources */ = {isa = PBXBuildFile; fileRef = 69A9AC3C2863841D00D9E998 /* Movie.m */; };
		69B5D796285A8A56009971EF /* MovieViewController.m in Sources */ = {isa = PBXBuildFile; fileRef = 69B5D795285A8A56009971EF /* MovieViewController.m */; };
		C22CA50BE4EC7FC8DC712FA7 /* Pods_Flixter_FlixterUITests.framework in Frameworks */ = {isa = PBXBuildFile; fileRef = 7EBA2F3CD5E132CBFA7B3F69 /* Pods_Flixter_FlixterUITests.framework */; };
/* End PBXBuildFile section */

/* Begin PBXContainerItemProxy section */
		697D3FD6285A4E9B0055988F /* PBXContainerItemProxy */ = {
			isa = PBXContainerItemProxy;
			containerPortal = 697D3FB2285A4E9A0055988F /* Project object */;
			proxyType = 1;
			remoteGlobalIDString = 697D3FB9285A4E9A0055988F;
			remoteInfo = Flixter;
		};
		697D3FE0285A4E9B0055988F /* PBXContainerItemProxy */ = {
			isa = PBXContainerItemProxy;
			containerPortal = 697D3FB2285A4E9A0055988F /* Project object */;
			proxyType = 1;
			remoteGlobalIDString = 697D3FB9285A4E9A0055988F;
			remoteInfo = Flixter;
		};
/* End PBXContainerItemProxy section */

/* Begin PBXFileReference section */
		39A35DB6BA0FFB519D259445 /* Pods-Flixter-FlixterUITests.release.xcconfig */ = {isa = PBXFileReference; includeInIndex = 1; lastKnownFileType = text.xcconfig; name = "Pods-Flixter-FlixterUITests.release.xcconfig"; path = "Pods/Target Support Files/Pods-Flixter-FlixterUITests/Pods-Flixter-FlixterUITests.release.xcconfig"; sourceTree = "<group>"; };
		50A53455964CF981C7A7279E /* Pods-Flixter-FlixterUITests.debug.xcconfig */ = {isa = PBXFileReference; includeInIndex = 1; lastKnownFileType = text.xcconfig; name = "Pods-Flixter-FlixterUITests.debug.xcconfig"; path = "Pods/Target Support Files/Pods-Flixter-FlixterUITests/Pods-Flixter-FlixterUITests.debug.xcconfig"; sourceTree = "<group>"; };
		696D0624285CF2300053C115 /* MovieCell.h */ = {isa = PBXFileReference; lastKnownFileType = sourcecode.c.h; path = MovieCell.h; sourceTree = "<group>"; };
		696D0625285CF2300053C115 /* MovieCell.m */ = {isa = PBXFileReference; lastKnownFileType = sourcecode.c.objc; path = MovieCell.m; sourceTree = "<group>"; };
		696D0627285D258C0053C115 /* DetailsViewController.h */ = {isa = PBXFileReference; lastKnownFileType = sourcecode.c.h; path = DetailsViewController.h; sourceTree = "<group>"; };
		696D0628285D258C0053C115 /* DetailsViewController.m */ = {isa = PBXFileReference; lastKnownFileType = sourcecode.c.objc; path = DetailsViewController.m; sourceTree = "<group>"; };
		696D062A285D467C0053C115 /* ReadME.md */ = {isa = PBXFileReference; lastKnownFileType = net.daringfireball.markdown; path = ReadME.md; sourceTree = "<group>"; };
		696D062B285E9AF40053C115 /* TabBarController.h */ = {isa = PBXFileReference; lastKnownFileType = sourcecode.c.h; path = TabBarController.h; sourceTree = "<group>"; };
		696D062C285E9AF40053C115 /* TabBarController.m */ = {isa = PBXFileReference; lastKnownFileType = sourcecode.c.objc; path = TabBarController.m; sourceTree = "<group>"; };
		696D062E285E9C240053C115 /* GridViewController.h */ = {isa = PBXFileReference; lastKnownFileType = sourcecode.c.h; path = GridViewController.h; sourceTree = "<group>"; };
		696D062F285E9C240053C115 /* GridViewController.m */ = {isa = PBXFileReference; lastKnownFileType = sourcecode.c.objc; path = GridViewController.m; sourceTree = "<group>"; };
		696D0631285E9DE80053C115 /* CollectionViewGridCell.h */ = {isa = PBXFileReference; lastKnownFileType = sourcecode.c.h; path = CollectionViewGridCell.h; sourceTree = "<group>"; };
		696D0632285E9DE80053C115 /* CollectionViewGridCell.m */ = {isa = PBXFileReference; lastKnownFileType = sourcecode.c.objc; path = CollectionViewGridCell.m; sourceTree = "<group>"; };
		697D3FBA285A4E9A0055988F /* Flixter.app */ = {isa = PBXFileReference; explicitFileType = wrapper.application; includeInIndex = 0; path = Flixter.app; sourceTree = BUILT_PRODUCTS_DIR; };
		697D3FBD285A4E9A0055988F /* AppDelegate.h */ = {isa = PBXFileReference; lastKnownFileType = sourcecode.c.h; path = AppDelegate.h; sourceTree = "<group>"; };
		697D3FBE285A4E9A0055988F /* AppDelegate.m */ = {isa = PBXFileReference; lastKnownFileType = sourcecode.c.objc; path = AppDelegate.m; sourceTree = "<group>"; };
		697D3FC0285A4E9A0055988F /* SceneDelegate.h */ = {isa = PBXFileReference; lastKnownFileType = sourcecode.c.h; path = SceneDelegate.h; sourceTree = "<group>"; };
		697D3FC1285A4E9A0055988F /* SceneDelegate.m */ = {isa = PBXFileReference; lastKnownFileType = sourcecode.c.objc; path = SceneDelegate.m; sourceTree = "<group>"; };
		697D3FC7285A4E9A0055988F /* Base */ = {isa = PBXFileReference; lastKnownFileType = file.storyboard; name = Base; path = Base.lproj/Main.storyboard; sourceTree = "<group>"; };
		697D3FC9285A4E9B0055988F /* Assets.xcassets */ = {isa = PBXFileReference; lastKnownFileType = folder.assetcatalog; path = Assets.xcassets; sourceTree = "<group>"; };
		697D3FCC285A4E9B0055988F /* Base */ = {isa = PBXFileReference; lastKnownFileType = file.storyboard; name = Base; path = Base.lproj/LaunchScreen.storyboard; sourceTree = "<group>"; };
		697D3FCE285A4E9B0055988F /* Info.plist */ = {isa = PBXFileReference; lastKnownFileType = text.plist.xml; path = Info.plist; sourceTree = "<group>"; };
		697D3FCF285A4E9B0055988F /* main.m */ = {isa = PBXFileReference; lastKnownFileType = sourcecode.c.objc; path = main.m; sourceTree = "<group>"; };
		697D3FD5285A4E9B0055988F /* FlixterTests.xctest */ = {isa = PBXFileReference; explicitFileType = wrapper.cfbundle; includeInIndex = 0; path = FlixterTests.xctest; sourceTree = BUILT_PRODUCTS_DIR; };
		697D3FD9285A4E9B0055988F /* FlixterTests.m */ = {isa = PBXFileReference; lastKnownFileType = sourcecode.c.objc; path = FlixterTests.m; sourceTree = "<group>"; };
		697D3FDF285A4E9B0055988F /* FlixterUITests.xctest */ = {isa = PBXFileReference; explicitFileType = wrapper.cfbundle; includeInIndex = 0; path = FlixterUITests.xctest; sourceTree = BUILT_PRODUCTS_DIR; };
		697D3FE3285A4E9B0055988F /* FlixterUITests.m */ = {isa = PBXFileReference; lastKnownFileType = sourcecode.c.objc; path = FlixterUITests.m; sourceTree = "<group>"; };
		697D3FE5285A4E9B0055988F /* FlixterUITestsLaunchTests.m */ = {isa = PBXFileReference; lastKnownFileType = sourcecode.c.objc; path = FlixterUITestsLaunchTests.m; sourceTree = "<group>"; };
		697D3FF2285A87F10055988F /* ViewController.h */ = {isa = PBXFileReference; lastKnownFileType = sourcecode.c.h; path = ViewController.h; sourceTree = "<group>"; };
		697D3FF3285A87F10055988F /* ViewController.m */ = {isa = PBXFileReference; lastKnownFileType = sourcecode.c.objc; path = ViewController.m; sourceTree = "<group>"; };
		69A9AC3B2863841D00D9E998 /* Movie.h */ = {isa = PBXFileReference; lastKnownFileType = sourcecode.c.h; path = Movie.h; sourceTree = "<group>"; };
		69A9AC3C2863841D00D9E998 /* Movie.m */ = {isa = PBXFileReference; lastKnownFileType = sourcecode.c.objc; path = Movie.m; sourceTree = "<group>"; };
		69B5D794285A8A56009971EF /* MovieViewController.h */ = {isa = PBXFileReference; lastKnownFileType = sourcecode.c.h; path = MovieViewController.h; sourceTree = "<group>"; };
		69B5D795285A8A56009971EF /* MovieViewController.m */ = {isa = PBXFileReference; lastKnownFileType = sourcecode.c.objc; path = MovieViewController.m; sourceTree = "<group>"; };
		7EBA2F3CD5E132CBFA7B3F69 /* Pods_Flixter_FlixterUITests.framework */ = {isa = PBXFileReference; explicitFileType = wrapper.framework; includeInIndex = 0; path = Pods_Flixter_FlixterUITests.framework; sourceTree = BUILT_PRODUCTS_DIR; };
		8A750EEF7943782347F2F027 /* Pods-FlixterTests.release.xcconfig */ = {isa = PBXFileReference; includeInIndex = 1; lastKnownFileType = text.xcconfig; name = "Pods-FlixterTests.release.xcconfig"; path = "Pods/Target Support Files/Pods-FlixterTests/Pods-FlixterTests.release.xcconfig"; sourceTree = "<group>"; };
		95C94088B63003D5A04541B6 /* Pods-Flixter.release.xcconfig */ = {isa = PBXFileReference; includeInIndex = 1; lastKnownFileType = text.xcconfig; name = "Pods-Flixter.release.xcconfig"; path = "Pods/Target Support Files/Pods-Flixter/Pods-Flixter.release.xcconfig"; sourceTree = "<group>"; };
		AC2494E32911DA8994931B7C /* Pods-FlixterTests.debug.xcconfig */ = {isa = PBXFileReference; includeInIndex = 1; lastKnownFileType = text.xcconfig; name = "Pods-FlixterTests.debug.xcconfig"; path = "Pods/Target Support Files/Pods-FlixterTests/Pods-FlixterTests.debug.xcconfig"; sourceTree = "<group>"; };
		AE6073F3019680435637360A /* Pods_FlixterTests.framework */ = {isa = PBXFileReference; explicitFileType = wrapper.framework; includeInIndex = 0; path = Pods_FlixterTests.framework; sourceTree = BUILT_PRODUCTS_DIR; };
		BF48C4AA0E28070FCF372979 /* Pods_Flixter.framework */ = {isa = PBXFileReference; explicitFileType = wrapper.framework; includeInIndex = 0; path = Pods_Flixter.framework; sourceTree = BUILT_PRODUCTS_DIR; };
		FF7142E4A77C4B41C7F01445 /* Pods-Flixter.debug.xcconfig */ = {isa = PBXFileReference; includeInIndex = 1; lastKnownFileType = text.xcconfig; name = "Pods-Flixter.debug.xcconfig"; path = "Pods/Target Support Files/Pods-Flixter/Pods-Flixter.debug.xcconfig"; sourceTree = "<group>"; };
/* End PBXFileReference section */

/* Begin PBXFrameworksBuildPhase section */
		697D3FB7285A4E9A0055988F /* Frameworks */ = {
			isa = PBXFrameworksBuildPhase;
			buildActionMask = 2147483647;
			files = (
				0E8CCDB193B69829A6C68F4E /* Pods_Flixter.framework in Frameworks */,
			);
			runOnlyForDeploymentPostprocessing = 0;
		};
		697D3FD2285A4E9B0055988F /* Frameworks */ = {
			isa = PBXFrameworksBuildPhase;
			buildActionMask = 2147483647;
			files = (
				1DE67997826B389FD27E3D54 /* Pods_FlixterTests.framework in Frameworks */,
			);
			runOnlyForDeploymentPostprocessing = 0;
		};
		697D3FDC285A4E9B0055988F /* Frameworks */ = {
			isa = PBXFrameworksBuildPhase;
			buildActionMask = 2147483647;
			files = (
				C22CA50BE4EC7FC8DC712FA7 /* Pods_Flixter_FlixterUITests.framework in Frameworks */,
			);
			runOnlyForDeploymentPostprocessing = 0;
		};
/* End PBXFrameworksBuildPhase section */

/* Begin PBXGroup section */
		60B0A8FE234207106C48C430 /* Frameworks */ = {
			isa = PBXGroup;
			children = (
				BF48C4AA0E28070FCF372979 /* Pods_Flixter.framework */,
				7EBA2F3CD5E132CBFA7B3F69 /* Pods_Flixter_FlixterUITests.framework */,
				AE6073F3019680435637360A /* Pods_FlixterTests.framework */,
			);
			name = Frameworks;
			sourceTree = "<group>";
		};
		697D3FB1285A4E9A0055988F = {
			isa = PBXGroup;
			children = (
				697D3FBC285A4E9A0055988F /* Flixter */,
				697D3FD8285A4E9B0055988F /* FlixterTests */,
				697D3FE2285A4E9B0055988F /* FlixterUITests */,
				697D3FBB285A4E9A0055988F /* Products */,
				723D6413F0B8A8AAE44E3D8A /* Pods */,
				60B0A8FE234207106C48C430 /* Frameworks */,
			);
			sourceTree = "<group>";
		};
		697D3FBB285A4E9A0055988F /* Products */ = {
			isa = PBXGroup;
			children = (
				697D3FBA285A4E9A0055988F /* Flixter.app */,
				697D3FD5285A4E9B0055988F /* FlixterTests.xctest */,
				697D3FDF285A4E9B0055988F /* FlixterUITests.xctest */,
			);
			name = Products;
			sourceTree = "<group>";
		};
		697D3FBC285A4E9A0055988F /* Flixter */ = {
			isa = PBXGroup;
			children = (
				697D3FBD285A4E9A0055988F /* AppDelegate.h */,
				697D3FBE285A4E9A0055988F /* AppDelegate.m */,
				697D3FC0285A4E9A0055988F /* SceneDelegate.h */,
				697D3FC1285A4E9A0055988F /* SceneDelegate.m */,
				697D3FC6285A4E9A0055988F /* Main.storyboard */,
				696D0631285E9DE80053C115 /* CollectionViewGridCell.h */,
				696D0632285E9DE80053C115 /* CollectionViewGridCell.m */,
				696D062E285E9C240053C115 /* GridViewController.h */,
				696D062F285E9C240053C115 /* GridViewController.m */,
				696D062B285E9AF40053C115 /* TabBarController.h */,
				696D062C285E9AF40053C115 /* TabBarController.m */,
				696D0624285CF2300053C115 /* MovieCell.h */,
				696D0625285CF2300053C115 /* MovieCell.m */,
				69B5D794285A8A56009971EF /* MovieViewController.h */,
				69B5D795285A8A56009971EF /* MovieViewController.m */,
				69A9AC3B2863841D00D9E998 /* Movie.h */,
				69A9AC3C2863841D00D9E998 /* Movie.m */,
				696D0627285D258C0053C115 /* DetailsViewController.h */,
				696D0628285D258C0053C115 /* DetailsViewController.m */,
				697D3FF3285A87F10055988F /* ViewController.m */,
				697D3FF2285A87F10055988F /* ViewController.h */,
				697D3FC9285A4E9B0055988F /* Assets.xcassets */,
				697D3FCB285A4E9B0055988F /* LaunchScreen.storyboard */,
				697D3FCE285A4E9B0055988F /* Info.plist */,
				697D3FCF285A4E9B0055988F /* main.m */,
				696D062A285D467C0053C115 /* ReadME.md */,
			);
			path = Flixter;
			sourceTree = "<group>";
		};
		697D3FD8285A4E9B0055988F /* FlixterTests */ = {
			isa = PBXGroup;
			children = (
				697D3FD9285A4E9B0055988F /* FlixterTests.m */,
			);
			path = FlixterTests;
			sourceTree = "<group>";
		};
		697D3FE2285A4E9B0055988F /* FlixterUITests */ = {
			isa = PBXGroup;
			children = (
				697D3FE3285A4E9B0055988F /* FlixterUITests.m */,
				697D3FE5285A4E9B0055988F /* FlixterUITestsLaunchTests.m */,
			);
			path = FlixterUITests;
			sourceTree = "<group>";
		};
		723D6413F0B8A8AAE44E3D8A /* Pods */ = {
			isa = PBXGroup;
			children = (
				FF7142E4A77C4B41C7F01445 /* Pods-Flixter.debug.xcconfig */,
				95C94088B63003D5A04541B6 /* Pods-Flixter.release.xcconfig */,
				50A53455964CF981C7A7279E /* Pods-Flixter-FlixterUITests.debug.xcconfig */,
				39A35DB6BA0FFB519D259445 /* Pods-Flixter-FlixterUITests.release.xcconfig */,
				AC2494E32911DA8994931B7C /* Pods-FlixterTests.debug.xcconfig */,
				8A750EEF7943782347F2F027 /* Pods-FlixterTests.release.xcconfig */,
			);
			name = Pods;
			sourceTree = "<group>";
		};
/* End PBXGroup section */

/* Begin PBXNativeTarget section */
		697D3FB9285A4E9A0055988F /* Flixter */ = {
			isa = PBXNativeTarget;
			buildConfigurationList = 697D3FE9285A4E9B0055988F /* Build configuration list for PBXNativeTarget "Flixter" */;
			buildPhases = (
				35B69256BB9D6AF992681DC6 /* [CP] Check Pods Manifest.lock */,
				697D3FB6285A4E9A0055988F /* Sources */,
				697D3FB7285A4E9A0055988F /* Frameworks */,
				697D3FB8285A4E9A0055988F /* Resources */,
				66E2D502C5DDD4878B5C4E25 /* [CP] Embed Pods Frameworks */,
			);
			buildRules = (
			);
			dependencies = (
			);
			name = Flixter;
			productName = Flixter;
			productReference = 697D3FBA285A4E9A0055988F /* Flixter.app */;
			productType = "com.apple.product-type.application";
		};
		697D3FD4285A4E9B0055988F /* FlixterTests */ = {
			isa = PBXNativeTarget;
			buildConfigurationList = 697D3FEC285A4E9B0055988F /* Build configuration list for PBXNativeTarget "FlixterTests" */;
			buildPhases = (
				F8B74F89CCBAA511E9CE36BA /* [CP] Check Pods Manifest.lock */,
				697D3FD1285A4E9B0055988F /* Sources */,
				697D3FD2285A4E9B0055988F /* Frameworks */,
				697D3FD3285A4E9B0055988F /* Resources */,
			);
			buildRules = (
			);
			dependencies = (
				697D3FD7285A4E9B0055988F /* PBXTargetDependency */,
			);
			name = FlixterTests;
			productName = FlixterTests;
			productReference = 697D3FD5285A4E9B0055988F /* FlixterTests.xctest */;
			productType = "com.apple.product-type.bundle.unit-test";
		};
		697D3FDE285A4E9B0055988F /* FlixterUITests */ = {
			isa = PBXNativeTarget;
			buildConfigurationList = 697D3FEF285A4E9B0055988F /* Build configuration list for PBXNativeTarget "FlixterUITests" */;
			buildPhases = (
				214E93853CED1BEFFCC86E1F /* [CP] Check Pods Manifest.lock */,
				697D3FDB285A4E9B0055988F /* Sources */,
				697D3FDC285A4E9B0055988F /* Frameworks */,
				697D3FDD285A4E9B0055988F /* Resources */,
				1D0BA0EDB24429A9EDA079B8 /* [CP] Embed Pods Frameworks */,
			);
			buildRules = (
			);
			dependencies = (
				697D3FE1285A4E9B0055988F /* PBXTargetDependency */,
			);
			name = FlixterUITests;
			productName = FlixterUITests;
			productReference = 697D3FDF285A4E9B0055988F /* FlixterUITests.xctest */;
			productType = "com.apple.product-type.bundle.ui-testing";
		};
/* End PBXNativeTarget section */

/* Begin PBXProject section */
		697D3FB2285A4E9A0055988F /* Project object */ = {
			isa = PBXProject;
			attributes = {
				LastUpgradeCheck = 1340;
				TargetAttributes = {
					697D3FB9285A4E9A0055988F = {
						CreatedOnToolsVersion = 13.4.1;
					};
					697D3FD4285A4E9B0055988F = {
						CreatedOnToolsVersion = 13.4.1;
						TestTargetID = 697D3FB9285A4E9A0055988F;
					};
					697D3FDE285A4E9B0055988F = {
						CreatedOnToolsVersion = 13.4.1;
						TestTargetID = 697D3FB9285A4E9A0055988F;
					};
				};
			};
			buildConfigurationList = 697D3FB5285A4E9A0055988F /* Build configuration list for PBXProject "Flixter" */;
			compatibilityVersion = "Xcode 13.0";
			developmentRegion = en;
			hasScannedForEncodings = 0;
			knownRegions = (
				en,
				Base,
			);
			mainGroup = 697D3FB1285A4E9A0055988F;
			productRefGroup = 697D3FBB285A4E9A0055988F /* Products */;
			projectDirPath = "";
			projectRoot = "";
			targets = (
				697D3FB9285A4E9A0055988F /* Flixter */,
				697D3FD4285A4E9B0055988F /* FlixterTests */,
				697D3FDE285A4E9B0055988F /* FlixterUITests */,
			);
		};
/* End PBXProject section */

/* Begin PBXResourcesBuildPhase section */
		697D3FB8285A4E9A0055988F /* Resources */ = {
			isa = PBXResourcesBuildPhase;
			buildActionMask = 2147483647;
			files = (
				697D3FCD285A4E9B0055988F /* LaunchScreen.storyboard in Resources */,
				697D3FCA285A4E9B0055988F /* Assets.xcassets in Resources */,
				697D3FC8285A4E9A0055988F /* Main.storyboard in Resources */,
			);
			runOnlyForDeploymentPostprocessing = 0;
		};
		697D3FD3285A4E9B0055988F /* Resources */ = {
			isa = PBXResourcesBuildPhase;
			buildActionMask = 2147483647;
			files = (
			);
			runOnlyForDeploymentPostprocessing = 0;
		};
		697D3FDD285A4E9B0055988F /* Resources */ = {
			isa = PBXResourcesBuildPhase;
			buildActionMask = 2147483647;
			files = (
			);
			runOnlyForDeploymentPostprocessing = 0;
		};
/* End PBXResourcesBuildPhase section */

/* Begin PBXShellScriptBuildPhase section */
		1D0BA0EDB24429A9EDA079B8 /* [CP] Embed Pods Frameworks */ = {
			isa = PBXShellScriptBuildPhase;
			buildActionMask = 2147483647;
			files = (
			);
			inputPaths = (
				"${SRCROOT}/Pods/Target Support Files/Pods-Flixter-FlixterUITests/Pods-Flixter-FlixterUITests-frameworks.sh",
				"${BUILT_PRODUCTS_DIR}/AFNetworking/AFNetworking.framework",
			);
			name = "[CP] Embed Pods Frameworks";
			outputPaths = (
				"${TARGET_BUILD_DIR}/${FRAMEWORKS_FOLDER_PATH}/AFNetworking.framework",
			);
			runOnlyForDeploymentPostprocessing = 0;
			shellPath = /bin/sh;
			shellScript = "\"${SRCROOT}/Pods/Target Support Files/Pods-Flixter-FlixterUITests/Pods-Flixter-FlixterUITests-frameworks.sh\"\n";
			showEnvVarsInLog = 0;
		};
		214E93853CED1BEFFCC86E1F /* [CP] Check Pods Manifest.lock */ = {
			isa = PBXShellScriptBuildPhase;
			buildActionMask = 2147483647;
			files = (
			);
			inputPaths = (
				"${PODS_PODFILE_DIR_PATH}/Podfile.lock",
				"${PODS_ROOT}/Manifest.lock",
			);
			name = "[CP] Check Pods Manifest.lock";
			outputPaths = (
				"$(DERIVED_FILE_DIR)/Pods-Flixter-FlixterUITests-checkManifestLockResult.txt",
			);
			runOnlyForDeploymentPostprocessing = 0;
			shellPath = /bin/sh;
			shellScript = "diff \"${PODS_PODFILE_DIR_PATH}/Podfile.lock\" \"${PODS_ROOT}/Manifest.lock\" > /dev/null\nif [ $? != 0 ] ; then\n    # print error to STDERR\n    echo \"error: The sandbox is not in sync with the Podfile.lock. Run 'pod install' or update your CocoaPods installation.\" >&2\n    exit 1\nfi\n# This output is used by Xcode 'outputs' to avoid re-running this script phase.\necho \"SUCCESS\" > \"${SCRIPT_OUTPUT_FILE_0}\"\n";
			showEnvVarsInLog = 0;
		};
		35B69256BB9D6AF992681DC6 /* [CP] Check Pods Manifest.lock */ = {
			isa = PBXShellScriptBuildPhase;
			buildActionMask = 2147483647;
			files = (
			);
			inputPaths = (
				"${PODS_PODFILE_DIR_PATH}/Podfile.lock",
				"${PODS_ROOT}/Manifest.lock",
			);
			name = "[CP] Check Pods Manifest.lock";
			outputPaths = (
				"$(DERIVED_FILE_DIR)/Pods-Flixter-checkManifestLockResult.txt",
			);
			runOnlyForDeploymentPostprocessing = 0;
			shellPath = /bin/sh;
			shellScript = "diff \"${PODS_PODFILE_DIR_PATH}/Podfile.lock\" \"${PODS_ROOT}/Manifest.lock\" > /dev/null\nif [ $? != 0 ] ; then\n    # print error to STDERR\n    echo \"error: The sandbox is not in sync with the Podfile.lock. Run 'pod install' or update your CocoaPods installation.\" >&2\n    exit 1\nfi\n# This output is used by Xcode 'outputs' to avoid re-running this script phase.\necho \"SUCCESS\" > \"${SCRIPT_OUTPUT_FILE_0}\"\n";
			showEnvVarsInLog = 0;
		};
		66E2D502C5DDD4878B5C4E25 /* [CP] Embed Pods Frameworks */ = {
			isa = PBXShellScriptBuildPhase;
			buildActionMask = 2147483647;
			files = (
			);
			inputPaths = (
				"${SRCROOT}/Pods/Target Support Files/Pods-Flixter/Pods-Flixter-frameworks.sh",
				"${BUILT_PRODUCTS_DIR}/AFNetworking/AFNetworking.framework",
			);
			name = "[CP] Embed Pods Frameworks";
			outputPaths = (
				"${TARGET_BUILD_DIR}/${FRAMEWORKS_FOLDER_PATH}/AFNetworking.framework",
			);
			runOnlyForDeploymentPostprocessing = 0;
			shellPath = /bin/sh;
			shellScript = "\"${SRCROOT}/Pods/Target Support Files/Pods-Flixter/Pods-Flixter-frameworks.sh\"\n";
			showEnvVarsInLog = 0;
		};
		F8B74F89CCBAA511E9CE36BA /* [CP] Check Pods Manifest.lock */ = {
			isa = PBXShellScriptBuildPhase;
			buildActionMask = 2147483647;
			files = (
			);
			inputPaths = (
				"${PODS_PODFILE_DIR_PATH}/Podfile.lock",
				"${PODS_ROOT}/Manifest.lock",
			);
			name = "[CP] Check Pods Manifest.lock";
			outputPaths = (
				"$(DERIVED_FILE_DIR)/Pods-FlixterTests-checkManifestLockResult.txt",
			);
			runOnlyForDeploymentPostprocessing = 0;
			shellPath = /bin/sh;
			shellScript = "diff \"${PODS_PODFILE_DIR_PATH}/Podfile.lock\" \"${PODS_ROOT}/Manifest.lock\" > /dev/null\nif [ $? != 0 ] ; then\n    # print error to STDERR\n    echo \"error: The sandbox is not in sync with the Podfile.lock. Run 'pod install' or update your CocoaPods installation.\" >&2\n    exit 1\nfi\n# This output is used by Xcode 'outputs' to avoid re-running this script phase.\necho \"SUCCESS\" > \"${SCRIPT_OUTPUT_FILE_0}\"\n";
			showEnvVarsInLog = 0;
		};
/* End PBXShellScriptBuildPhase section */

/* Begin PBXSourcesBuildPhase section */
		697D3FB6285A4E9A0055988F /* Sources */ = {
			isa = PBXSourcesBuildPhase;
			buildActionMask = 2147483647;
			files = (
				69A9AC3D2863841D00D9E998 /* Movie.m in Sources */,
				697D3FBF285A4E9A0055988F /* AppDelegate.m in Sources */,
				696D0630285E9C240053C115 /* GridViewController.m in Sources */,
				696D0633285E9DE80053C115 /* CollectionViewGridCell.m in Sources */,
				69B5D796285A8A56009971EF /* MovieViewController.m in Sources */,
				696D0626285CF2300053C115 /* MovieCell.m in Sources */,
				697D3FD0285A4E9B0055988F /* main.m in Sources */,
				696D0629285D258C0053C115 /* DetailsViewController.m in Sources */,
				696D062D285E9AF40053C115 /* TabBarController.m in Sources */,
				697D3FF4285A87F10055988F /* ViewController.m in Sources */,
				697D3FC2285A4E9A0055988F /* SceneDelegate.m in Sources */,
			);
			runOnlyForDeploymentPostprocessing = 0;
		};
		697D3FD1285A4E9B0055988F /* Sources */ = {
			isa = PBXSourcesBuildPhase;
			buildActionMask = 2147483647;
			files = (
				697D3FDA285A4E9B0055988F /* FlixterTests.m in Sources */,
			);
			runOnlyForDeploymentPostprocessing = 0;
		};
		697D3FDB285A4E9B0055988F /* Sources */ = {
			isa = PBXSourcesBuildPhase;
			buildActionMask = 2147483647;
			files = (
				697D3FE4285A4E9B0055988F /* FlixterUITests.m in Sources */,
				697D3FE6285A4E9B0055988F /* FlixterUITestsLaunchTests.m in Sources */,
			);
			runOnlyForDeploymentPostprocessing = 0;
		};
/* End PBXSourcesBuildPhase section */

/* Begin PBXTargetDependency section */
		697D3FD7285A4E9B0055988F /* PBXTargetDependency */ = {
			isa = PBXTargetDependency;
			target = 697D3FB9285A4E9A0055988F /* Flixter */;
			targetProxy = 697D3FD6285A4E9B0055988F /* PBXContainerItemProxy */;
		};
		697D3FE1285A4E9B0055988F /* PBXTargetDependency */ = {
			isa = PBXTargetDependency;
			target = 697D3FB9285A4E9A0055988F /* Flixter */;
			targetProxy = 697D3FE0285A4E9B0055988F /* PBXContainerItemProxy */;
		};
/* End PBXTargetDependency section */

/* Begin PBXVariantGroup section */
		697D3FC6285A4E9A0055988F /* Main.storyboard */ = {
			isa = PBXVariantGroup;
			children = (
				697D3FC7285A4E9A0055988F /* Base */,
			);
			name = Main.storyboard;
			sourceTree = "<group>";
		};
		697D3FCB285A4E9B0055988F /* LaunchScreen.storyboard */ = {
			isa = PBXVariantGroup;
			children = (
				697D3FCC285A4E9B0055988F /* Base */,
			);
			name = LaunchScreen.storyboard;
			sourceTree = "<group>";
		};
/* End PBXVariantGroup section */

/* Begin XCBuildConfiguration section */
		697D3FE7285A4E9B0055988F /* Debug */ = {
			isa = XCBuildConfiguration;
			buildSettings = {
				ALWAYS_SEARCH_USER_PATHS = NO;
				CLANG_ANALYZER_NONNULL = YES;
				CLANG_ANALYZER_NUMBER_OBJECT_CONVERSION = YES_AGGRESSIVE;
				CLANG_CXX_LANGUAGE_STANDARD = "gnu++17";
				CLANG_ENABLE_MODULES = YES;
				CLANG_ENABLE_OBJC_ARC = YES;
				CLANG_ENABLE_OBJC_WEAK = YES;
				CLANG_WARN_BLOCK_CAPTURE_AUTORELEASING = YES;
				CLANG_WARN_BOOL_CONVERSION = YES;
				CLANG_WARN_COMMA = YES;
				CLANG_WARN_CONSTANT_CONVERSION = YES;
				CLANG_WARN_DEPRECATED_OBJC_IMPLEMENTATIONS = YES;
				CLANG_WARN_DIRECT_OBJC_ISA_USAGE = YES_ERROR;
				CLANG_WARN_DOCUMENTATION_COMMENTS = YES;
				CLANG_WARN_EMPTY_BODY = YES;
				CLANG_WARN_ENUM_CONVERSION = YES;
				CLANG_WARN_INFINITE_RECURSION = YES;
				CLANG_WARN_INT_CONVERSION = YES;
				CLANG_WARN_NON_LITERAL_NULL_CONVERSION = YES;
				CLANG_WARN_OBJC_IMPLICIT_RETAIN_SELF = YES;
				CLANG_WARN_OBJC_LITERAL_CONVERSION = YES;
				CLANG_WARN_OBJC_ROOT_CLASS = YES_ERROR;
				CLANG_WARN_QUOTED_INCLUDE_IN_FRAMEWORK_HEADER = YES;
				CLANG_WARN_RANGE_LOOP_ANALYSIS = YES;
				CLANG_WARN_STRICT_PROTOTYPES = YES;
				CLANG_WARN_SUSPICIOUS_MOVE = YES;
				CLANG_WARN_UNGUARDED_AVAILABILITY = YES_AGGRESSIVE;
				CLANG_WARN_UNREACHABLE_CODE = YES;
				CLANG_WARN__DUPLICATE_METHOD_MATCH = YES;
				COPY_PHASE_STRIP = NO;
				DEBUG_INFORMATION_FORMAT = dwarf;
				ENABLE_STRICT_OBJC_MSGSEND = YES;
				ENABLE_TESTABILITY = YES;
				GCC_C_LANGUAGE_STANDARD = gnu11;
				GCC_DYNAMIC_NO_PIC = NO;
				GCC_NO_COMMON_BLOCKS = YES;
				GCC_OPTIMIZATION_LEVEL = 0;
				GCC_PREPROCESSOR_DEFINITIONS = (
					"DEBUG=1",
					"$(inherited)",
				);
				GCC_WARN_64_TO_32_BIT_CONVERSION = YES;
				GCC_WARN_ABOUT_RETURN_TYPE = YES_ERROR;
				GCC_WARN_UNDECLARED_SELECTOR = YES;
				GCC_WARN_UNINITIALIZED_AUTOS = YES_AGGRESSIVE;
				GCC_WARN_UNUSED_FUNCTION = YES;
				GCC_WARN_UNUSED_VARIABLE = YES;
				IPHONEOS_DEPLOYMENT_TARGET = 15.5;
				MTL_ENABLE_DEBUG_INFO = INCLUDE_SOURCE;
				MTL_FAST_MATH = YES;
				ONLY_ACTIVE_ARCH = YES;
				SDKROOT = iphoneos;
			};
			name = Debug;
		};
		697D3FE8285A4E9B0055988F /* Release */ = {
			isa = XCBuildConfiguration;
			buildSettings = {
				ALWAYS_SEARCH_USER_PATHS = NO;
				CLANG_ANALYZER_NONNULL = YES;
				CLANG_ANALYZER_NUMBER_OBJECT_CONVERSION = YES_AGGRESSIVE;
				CLANG_CXX_LANGUAGE_STANDARD = "gnu++17";
				CLANG_ENABLE_MODULES = YES;
				CLANG_ENABLE_OBJC_ARC = YES;
				CLANG_ENABLE_OBJC_WEAK = YES;
				CLANG_WARN_BLOCK_CAPTURE_AUTORELEASING = YES;
				CLANG_WARN_BOOL_CONVERSION = YES;
				CLANG_WARN_COMMA = YES;
				CLANG_WARN_CONSTANT_CONVERSION = YES;
				CLANG_WARN_DEPRECATED_OBJC_IMPLEMENTATIONS = YES;
				CLANG_WARN_DIRECT_OBJC_ISA_USAGE = YES_ERROR;
				CLANG_WARN_DOCUMENTATION_COMMENTS = YES;
				CLANG_WARN_EMPTY_BODY = YES;
				CLANG_WARN_ENUM_CONVERSION = YES;
				CLANG_WARN_INFINITE_RECURSION = YES;
				CLANG_WARN_INT_CONVERSION = YES;
				CLANG_WARN_NON_LITERAL_NULL_CONVERSION = YES;
				CLANG_WARN_OBJC_IMPLICIT_RETAIN_SELF = YES;
				CLANG_WARN_OBJC_LITERAL_CONVERSION = YES;
				CLANG_WARN_OBJC_ROOT_CLASS = YES_ERROR;
				CLANG_WARN_QUOTED_INCLUDE_IN_FRAMEWORK_HEADER = YES;
				CLANG_WARN_RANGE_LOOP_ANALYSIS = YES;
				CLANG_WARN_STRICT_PROTOTYPES = YES;
				CLANG_WARN_SUSPICIOUS_MOVE = YES;
				CLANG_WARN_UNGUARDED_AVAILABILITY = YES_AGGRESSIVE;
				CLANG_WARN_UNREACHABLE_CODE = YES;
				CLANG_WARN__DUPLICATE_METHOD_MATCH = YES;
				COPY_PHASE_STRIP = NO;
				DEBUG_INFORMATION_FORMAT = "dwarf-with-dsym";
				ENABLE_NS_ASSERTIONS = NO;
				ENABLE_STRICT_OBJC_MSGSEND = YES;
				GCC_C_LANGUAGE_STANDARD = gnu11;
				GCC_NO_COMMON_BLOCKS = YES;
				GCC_WARN_64_TO_32_BIT_CONVERSION = YES;
				GCC_WARN_ABOUT_RETURN_TYPE = YES_ERROR;
				GCC_WARN_UNDECLARED_SELECTOR = YES;
				GCC_WARN_UNINITIALIZED_AUTOS = YES_AGGRESSIVE;
				GCC_WARN_UNUSED_FUNCTION = YES;
				GCC_WARN_UNUSED_VARIABLE = YES;
				IPHONEOS_DEPLOYMENT_TARGET = 15.5;
				MTL_ENABLE_DEBUG_INFO = NO;
				MTL_FAST_MATH = YES;
				SDKROOT = iphoneos;
				VALIDATE_PRODUCT = YES;
			};
			name = Release;
		};
		697D3FEA285A4E9B0055988F /* Debug */ = {
			isa = XCBuildConfiguration;
			baseConfigurationReference = FF7142E4A77C4B41C7F01445 /* Pods-Flixter.debug.xcconfig */;
			buildSettings = {
				ASSETCATALOG_COMPILER_APPICON_NAME = AppIcon;
				ASSETCATALOG_COMPILER_GLOBAL_ACCENT_COLOR_NAME = AccentColor;
				CODE_SIGN_STYLE = Automatic;
				CURRENT_PROJECT_VERSION = 1;
				DEVELOPMENT_TEAM = TGXV9BWRL4;
				GENERATE_INFOPLIST_FILE = YES;
				INFOPLIST_FILE = Flixter/Info.plist;
				INFOPLIST_KEY_UIApplicationSupportsIndirectInputEvents = YES;
				INFOPLIST_KEY_UILaunchStoryboardName = LaunchScreen;
				INFOPLIST_KEY_UIMainStoryboardFile = Main;
				INFOPLIST_KEY_UISupportedInterfaceOrientations_iPad = "UIInterfaceOrientationPortrait UIInterfaceOrientationPortraitUpsideDown UIInterfaceOrientationLandscapeLeft UIInterfaceOrientationLandscapeRight";
				INFOPLIST_KEY_UISupportedInterfaceOrientations_iPhone = "UIInterfaceOrientationPortrait UIInterfaceOrientationLandscapeLeft UIInterfaceOrientationLandscapeRight";
				LD_RUNPATH_SEARCH_PATHS = (
					"$(inherited)",
					"@executable_path/Frameworks",
				);
				MARKETING_VERSION = 1.0;
				PRODUCT_BUNDLE_IDENTIFIER = com.MaizeBooker.Flixter;
				PRODUCT_NAME = "$(TARGET_NAME)";
				SWIFT_EMIT_LOC_STRINGS = YES;
				TARGETED_DEVICE_FAMILY = "1,2";
			};
			name = Debug;
		};
		697D3FEB285A4E9B0055988F /* Release */ = {
			isa = XCBuildConfiguration;
			baseConfigurationReference = 95C94088B63003D5A04541B6 /* Pods-Flixter.release.xcconfig */;
			buildSettings = {
				ASSETCATALOG_COMPILER_APPICON_NAME = AppIcon;
				ASSETCATALOG_COMPILER_GLOBAL_ACCENT_COLOR_NAME = AccentColor;
				CODE_SIGN_STYLE = Automatic;
				CURRENT_PROJECT_VERSION = 1;
				DEVELOPMENT_TEAM = TGXV9BWRL4;
				GENERATE_INFOPLIST_FILE = YES;
				INFOPLIST_FILE = Flixter/Info.plist;
				INFOPLIST_KEY_UIApplicationSupportsIndirectInputEvents = YES;
				INFOPLIST_KEY_UILaunchStoryboardName = LaunchScreen;
				INFOPLIST_KEY_UIMainStoryboardFile = Main;
				INFOPLIST_KEY_UISupportedInterfaceOrientations_iPad = "UIInterfaceOrientationPortrait UIInterfaceOrientationPortraitUpsideDown UIInterfaceOrientationLandscapeLeft UIInterfaceOrientationLandscapeRight";
				INFOPLIST_KEY_UISupportedInterfaceOrientations_iPhone = "UIInterfaceOrientationPortrait UIInterfaceOrientationLandscapeLeft UIInterfaceOrientationLandscapeRight";
				LD_RUNPATH_SEARCH_PATHS = (
					"$(inherited)",
					"@executable_path/Frameworks",
				);
				MARKETING_VERSION = 1.0;
				PRODUCT_BUNDLE_IDENTIFIER = com.MaizeBooker.Flixter;
				PRODUCT_NAME = "$(TARGET_NAME)";
				SWIFT_EMIT_LOC_STRINGS = YES;
				TARGETED_DEVICE_FAMILY = "1,2";
			};
			name = Release;
		};
		697D3FED285A4E9B0055988F /* Debug */ = {
			isa = XCBuildConfiguration;
			baseConfigurationReference = AC2494E32911DA8994931B7C /* Pods-FlixterTests.debug.xcconfig */;
			buildSettings = {
				BUNDLE_LOADER = "$(TEST_HOST)";
				CODE_SIGN_STYLE = Automatic;
				CURRENT_PROJECT_VERSION = 1;
				GENERATE_INFOPLIST_FILE = YES;
				IPHONEOS_DEPLOYMENT_TARGET = 15.5;
				MARKETING_VERSION = 1.0;
				PRODUCT_BUNDLE_IDENTIFIER = com.MaizeBooker.FlixterTests;
				PRODUCT_NAME = "$(TARGET_NAME)";
				SWIFT_EMIT_LOC_STRINGS = NO;
				TARGETED_DEVICE_FAMILY = "1,2";
				TEST_HOST = "$(BUILT_PRODUCTS_DIR)/Flixter.app/Flixter";
			};
			name = Debug;
		};
		697D3FEE285A4E9B0055988F /* Release */ = {
			isa = XCBuildConfiguration;
			baseConfigurationReference = 8A750EEF7943782347F2F027 /* Pods-FlixterTests.release.xcconfig */;
			buildSettings = {
				BUNDLE_LOADER = "$(TEST_HOST)";
				CODE_SIGN_STYLE = Automatic;
				CURRENT_PROJECT_VERSION = 1;
				GENERATE_INFOPLIST_FILE = YES;
				IPHONEOS_DEPLOYMENT_TARGET = 15.5;
				MARKETING_VERSION = 1.0;
				PRODUCT_BUNDLE_IDENTIFIER = com.MaizeBooker.FlixterTests;
				PRODUCT_NAME = "$(TARGET_NAME)";
				SWIFT_EMIT_LOC_STRINGS = NO;
				TARGETED_DEVICE_FAMILY = "1,2";
				TEST_HOST = "$(BUILT_PRODUCTS_DIR)/Flixter.app/Flixter";
			};
			name = Release;
		};
		697D3FF0285A4E9B0055988F /* Debug */ = {
			isa = XCBuildConfiguration;
			baseConfigurationReference = 50A53455964CF981C7A7279E /* Pods-Flixter-FlixterUITests.debug.xcconfig */;
			buildSettings = {
				CODE_SIGN_STYLE = Automatic;
				CURRENT_PROJECT_VERSION = 1;
				GENERATE_INFOPLIST_FILE = YES;
				MARKETING_VERSION = 1.0;
				PRODUCT_BUNDLE_IDENTIFIER = com.MaizeBooker.FlixterUITests;
				PRODUCT_NAME = "$(TARGET_NAME)";
				SWIFT_EMIT_LOC_STRINGS = NO;
				TARGETED_DEVICE_FAMILY = "1,2";
				TEST_TARGET_NAME = Flixter;
			};
			name = Debug;
		};
		697D3FF1285A4E9B0055988F /* Release */ = {
			isa = XCBuildConfiguration;
			baseConfigurationReference = 39A35DB6BA0FFB519D259445 /* Pods-Flixter-FlixterUITests.release.xcconfig */;
			buildSettings = {
				CODE_SIGN_STYLE = Automatic;
				CURRENT_PROJECT_VERSION = 1;
				GENERATE_INFOPLIST_FILE = YES;
				MARKETING_VERSION = 1.0;
				PRODUCT_BUNDLE_IDENTIFIER = com.MaizeBooker.FlixterUITests;
				PRODUCT_NAME = "$(TARGET_NAME)";
				SWIFT_EMIT_LOC_STRINGS = NO;
				TARGETED_DEVICE_FAMILY = "1,2";
				TEST_TARGET_NAME = Flixter;
			};
			name = Release;
		};
/* End XCBuildConfiguration section */

/* Begin XCConfigurationList section */
		697D3FB5285A4E9A0055988F /* Build configuration list for PBXProject "Flixter" */ = {
			isa = XCConfigurationList;
			buildConfigurations = (
				697D3FE7285A4E9B0055988F /* Debug */,
				697D3FE8285A4E9B0055988F /* Release */,
			);
			defaultConfigurationIsVisible = 0;
			defaultConfigurationName = Release;
		};
		697D3FE9285A4E9B0055988F /* Build configuration list for PBXNativeTarget "Flixter" */ = {
			isa = XCConfigurationList;
			buildConfigurations = (
				697D3FEA285A4E9B0055988F /* Debug */,
				697D3FEB285A4E9B0055988F /* Release */,
			);
			defaultConfigurationIsVisible = 0;
			defaultConfigurationName = Release;
		};
		697D3FEC285A4E9B0055988F /* Build configuration list for PBXNativeTarget "FlixterTests" */ = {
			isa = XCConfigurationList;
			buildConfigurations = (
				697D3FED285A4E9B0055988F /* Debug */,
				697D3FEE285A4E9B0055988F /* Release */,
			);
			defaultConfigurationIsVisible = 0;
			defaultConfigurationName = Release;
		};
		697D3FEF285A4E9B0055988F /* Build configuration list for PBXNativeTarget "FlixterUITests" */ = {
			isa = XCConfigurationList;
			buildConfigurations = (
				697D3FF0285A4E9B0055988F /* Debug */,
				697D3FF1285A4E9B0055988F /* Release */,
			);
			defaultConfigurationIsVisible = 0;
			defaultConfigurationName = Release;
		};
/* End XCConfigurationList section */
	};
	rootObject = 697D3FB2285A4E9A0055988F /* Project object */;
}
